
Microsoft Visual Studio Solution File, Format Version 12.00
# Visual Studio Version 17
VisualStudioVersion = 17.14.36414.22
MinimumVisualStudioVersion = 10.0.40219.1
Project("{FAE04EC0-301F-11D3-BF4B-00C04F79EFBC}") = "CichyStrzalko.AnimeKatalog", "CichyStrzalko.AnimeKatalog.csproj", "{BDAAE299-96BC-405C-A171-105277B00777}"
EndProject
Project("{FAE04EC0-301F-11D3-BF4B-00C04F79EFBC}") = "CichyStrzalko.AnimeKatalog.Interfaces", "..\CichyStrzalko.AnimeKatalog.Interfaces\CichyStrzalko.AnimeKatalog.Interfaces.csproj", "{5F2A2BA2-4D5A-4494-BFC3-EF8AC3A1BFAF}"
	ProjectSection(ProjectDependencies) = postProject
		{AE4F84DA-363B-4682-ACC4-510848740D60} = {AE4F84DA-363B-4682-ACC4-510848740D60}
	EndProjectSection
EndProject
Project("{FAE04EC0-301F-11D3-BF4B-00C04F79EFBC}") = "CichyStrzalko.AnimeKatalog.Core", "..\CichyStrzalko.AnimeKatalog.Core\CichyStrzalko.AnimeKatalog.Core.csproj", "{AE4F84DA-363B-4682-ACC4-510848740D60}"
EndProject
Project("{FAE04EC0-301F-11D3-BF4B-00C04F79EFBC}") = "CichyStrzalko.AnimeKatalog.BL", "..\CichyStrzalko.AnimeKatalog.BL\CichyStrzalko.AnimeKatalog.BL.csproj", "{65B19B60-A8EF-41B3-8B75-0C58B77FCD2A}"
EndProject
Project("{FAE04EC0-301F-11D3-BF4B-00C04F79EFBC}") = "CichyStrzalko.AnimeKatalog.daoMock1", "..\CichyStrzalko.AnimeKatalog.daoMock1\CichyStrzalko.AnimeKatalog.daoMock1.csproj", "{8330AB77-E679-4D39-95BB-0AB381D353D1}"
EndProject
Project("{FAE04EC0-301F-11D3-BF4B-00C04F79EFBC}") = "CichyStrzalko.AnimeKatalog.UI", "..\CichyStrzalko.AnimeKatalog.UI\CichyStrzalko.AnimeKatalog.UI.csproj", "{740BF095-2F04-4678-BD5A-FB423FB8D41B}"
EndProject
Project("{FAE04EC0-301F-11D3-BF4B-00C04F79EFBC}") = "CichyStrzalko.AnimeKatalog.WEB", "..\CichyStrzalko.AnimeKatalog.WEB\CichyStrzalko.AnimeKatalog.WEB.csproj", "{C179806D-E3B3-4C3B-8A72-E13E75E52F2E}"
EndProject
Global
	GlobalSection(SolutionConfigurationPlatforms) = preSolution
		Debug|Any CPU = Debug|Any CPU
		Release|Any CPU = Release|Any CPU
	EndGlobalSection
	GlobalSection(ProjectConfigurationPlatforms) = postSolution
		{BDAAE299-96BC-405C-A171-105277B00777}.Debug|Any CPU.ActiveCfg = Debug|Any CPU
		{BDAAE299-96BC-405C-A171-105277B00777}.Debug|Any CPU.Build.0 = Debug|Any CPU
		{BDAAE299-96BC-405C-A171-105277B00777}.Release|Any CPU.ActiveCfg = Release|Any CPU
		{BDAAE299-96BC-405C-A171-105277B00777}.Release|Any CPU.Build.0 = Release|Any CPU
		{5F2A2BA2-4D5A-4494-BFC3-EF8AC3A1BFAF}.Debug|Any CPU.ActiveCfg = Debug|Any CPU
		{5F2A2BA2-4D5A-4494-BFC3-EF8AC3A1BFAF}.Debug|Any CPU.Build.0 = Debug|Any CPU
		{5F2A2BA2-4D5A-4494-BFC3-EF8AC3A1BFAF}.Release|Any CPU.ActiveCfg = Release|Any CPU
		{5F2A2BA2-4D5A-4494-BFC3-EF8AC3A1BFAF}.Release|Any CPU.Build.0 = Release|Any CPU
		{AE4F84DA-363B-4682-ACC4-510848740D60}.Debug|Any CPU.ActiveCfg = Debug|Any CPU
		{AE4F84DA-363B-4682-ACC4-510848740D60}.Debug|Any CPU.Build.0 = Debug|Any CPU
		{AE4F84DA-363B-4682-ACC4-510848740D60}.Release|Any CPU.ActiveCfg = Release|Any CPU
		{AE4F84DA-363B-4682-ACC4-510848740D60}.Release|Any CPU.Build.0 = Release|Any CPU
		{65B19B60-A8EF-41B3-8B75-0C58B77FCD2A}.Debug|Any CPU.ActiveCfg = Debug|Any CPU
		{65B19B60-A8EF-41B3-8B75-0C58B77FCD2A}.Debug|Any CPU.Build.0 = Debug|Any CPU
		{65B19B60-A8EF-41B3-8B75-0C58B77FCD2A}.Release|Any CPU.ActiveCfg = Release|Any CPU
		{65B19B60-A8EF-41B3-8B75-0C58B77FCD2A}.Release|Any CPU.Build.0 = Release|Any CPU
		{8330AB77-E679-4D39-95BB-0AB381D353D1}.Debug|Any CPU.ActiveCfg = Debug|Any CPU
		{8330AB77-E679-4D39-95BB-0AB381D353D1}.Debug|Any CPU.Build.0 = Debug|Any CPU
		{8330AB77-E679-4D39-95BB-0AB381D353D1}.Release|Any CPU.ActiveCfg = Release|Any CPU
		{8330AB77-E679-4D39-95BB-0AB381D353D1}.Release|Any CPU.Build.0 = Release|Any CPU
		{740BF095-2F04-4678-BD5A-FB423FB8D41B}.Debug|Any CPU.ActiveCfg = Debug|Any CPU
		{740BF095-2F04-4678-BD5A-FB423FB8D41B}.Debug|Any CPU.Build.0 = Debug|Any CPU
		{740BF095-2F04-4678-BD5A-FB423FB8D41B}.Release|Any CPU.ActiveCfg = Release|Any CPU
		{740BF095-2F04-4678-BD5A-FB423FB8D41B}.Release|Any CPU.Build.0 = Release|Any CPU
		{C179806D-E3B3-4C3B-8A72-E13E75E52F2E}.Debug|Any CPU.ActiveCfg = Debug|Any CPU
		{C179806D-E3B3-4C3B-8A72-E13E75E52F2E}.Debug|Any CPU.Build.0 = Debug|Any CPU
		{C179806D-E3B3-4C3B-8A72-E13E75E52F2E}.Release|Any CPU.ActiveCfg = Release|Any CPU
		{C179806D-E3B3-4C3B-8A72-E13E75E52F2E}.Release|Any CPU.Build.0 = Release|Any CPU
	EndGlobalSection
	GlobalSection(SolutionProperties) = preSolution
		HideSolutionNode = FALSE
	EndGlobalSection
	GlobalSection(ExtensibilityGlobals) = postSolution
		SolutionGuid = {2E420965-93F5-4B22-8408-1AE5CF8F42EC}
	EndGlobalSection
EndGlobal
